
Microsoft Visual Studio Solution File, Format Version 12.00
# Visual Studio Version 17
VisualStudioVersion = 17.2.32526.322
MinimumVisualStudioVersion = 10.0.40219.1
Project("{FAE04EC0-301F-11D3-BF4B-00C04F79EFBC}") = "Website_mvc", "Website_mvc\Website_mvc.csproj", "{5288BE51-1B03-4A8C-8EF1-330E9434BBCF}"
EndProject
Global
	GlobalSection(SolutionConfigurationPlatforms) = preSolution
		Debug|Any CPU = Debug|Any CPU
		Release|Any CPU = Release|Any CPU
	EndGlobalSection
	GlobalSection(ProjectConfigurationPlatforms) = postSolution
		{5288BE51-1B03-4A8C-8EF1-330E9434BBCF}.Debug|Any CPU.ActiveCfg = Debug|Any CPU
		{5288BE51-1B03-4A8C-8EF1-330E9434BBCF}.Debug|Any CPU.Build.0 = Debug|Any CPU
		{5288BE51-1B03-4A8C-8EF1-330E9434BBCF}.Release|Any CPU.ActiveCfg = Release|Any CPU
		{5288BE51-1B03-4A8C-8EF1-330E9434BBCF}.Release|Any CPU.Build.0 = Release|Any CPU
	EndGlobalSection
	GlobalSection(SolutionProperties) = preSolution
		HideSolutionNode = FALSE
	EndGlobalSection
	GlobalSection(ExtensibilityGlobals) = postSolution
		SolutionGuid = {9DD12302-AAF3-4A9E-A69D-16920D756FB2}
	EndGlobalSection
EndGlobal
